
Microsoft Visual Studio Solution File, Format Version 12.00
# Visual Studio Version 17
VisualStudioVersion = 17.3.32901.215
MinimumVisualStudioVersion = 10.0.40219.1
Project("{FAE04EC0-301F-11D3-BF4B-00C04F79EFBC}") = "FinalWork_Sapper", "FinalWork_Sapper\FinalWork_Sapper.csproj", "{FDEE0B91-42F2-430C-9217-56125CF0FBA7}"
EndProject
Global
	GlobalSection(SolutionConfigurationPlatforms) = preSolution
		Debug|Any CPU = Debug|Any CPU
		Release|Any CPU = Release|Any CPU
	EndGlobalSection
	GlobalSection(ProjectConfigurationPlatforms) = postSolution
		{FDEE0B91-42F2-430C-9217-56125CF0FBA7}.Debug|Any CPU.ActiveCfg = Debug|Any CPU
		{FDEE0B91-42F2-430C-9217-56125CF0FBA7}.Debug|Any CPU.Build.0 = Debug|Any CPU
		{FDEE0B91-42F2-430C-9217-56125CF0FBA7}.Release|Any CPU.ActiveCfg = Release|Any CPU
		{FDEE0B91-42F2-430C-9217-56125CF0FBA7}.Release|Any CPU.Build.0 = Release|Any CPU
	EndGlobalSection
	GlobalSection(SolutionProperties) = preSolution
		HideSolutionNode = FALSE
	EndGlobalSection
	GlobalSection(ExtensibilityGlobals) = postSolution
		SolutionGuid = {57DF3FF6-4BDD-4713-BF63-7CC17EF1093A}
	EndGlobalSection
EndGlobal
